// !$*UTF8*$!
{
	archiveVersion = 1;
	classes = {
	};
	objectVersion = 50;
	objects = {

/* Begin PBXBuildFile section */
		9D31271E2590CBB100CBFFB3 /* AppDelegate.swift in Sources */ = {isa = PBXBuildFile; fileRef = 9D31271D2590CBB100CBFFB3 /* AppDelegate.swift */; };
		9D3127202590CBB100CBFFB3 /* SceneDelegate.swift in Sources */ = {isa = PBXBuildFile; fileRef = 9D31271F2590CBB100CBFFB3 /* SceneDelegate.swift */; };
		9D3127222590CBB100CBFFB3 /* ViewController.swift in Sources */ = {isa = PBXBuildFile; fileRef = 9D3127212590CBB100CBFFB3 /* ViewController.swift */; };
		9D3127252590CBB100CBFFB3 /* Main.storyboard in Resources */ = {isa = PBXBuildFile; fileRef = 9D3127232590CBB100CBFFB3 /* Main.storyboard */; };
		9D3127272590CBB500CBFFB3 /* Assets.xcassets in Resources */ = {isa = PBXBuildFile; fileRef = 9D3127262590CBB500CBFFB3 /* Assets.xcassets */; };
		9D31272A2590CBB500CBFFB3 /* LaunchScreen.storyboard in Resources */ = {isa = PBXBuildFile; fileRef = 9D3127282590CBB500CBFFB3 /* LaunchScreen.storyboard */; };
		9D3127352590CBB600CBFFB3 /* CountCustomLabelTests.swift in Sources */ = {isa = PBXBuildFile; fileRef = 9D3127342590CBB600CBFFB3 /* CountCustomLabelTests.swift */; };
		9D3127402590CBB600CBFFB3 /* CountCustomLabelUITests.swift in Sources */ = {isa = PBXBuildFile; fileRef = 9D31273F2590CBB600CBFFB3 /* CountCustomLabelUITests.swift */; };
		9D3127512590CC2700CBFFB3 /* CountdownProgressBar.swift in Sources */ = {isa = PBXBuildFile; fileRef = 9D3127502590CC2700CBFFB3 /* CountdownProgressBar.swift */; };
/* End PBXBuildFile section */

/* Begin PBXContainerItemProxy section */
		9D3127312590CBB600CBFFB3 /* PBXContainerItemProxy */ = {
			isa = PBXContainerItemProxy;
			containerPortal = 9D3127122590CBB100CBFFB3 /* Project object */;
			proxyType = 1;
			remoteGlobalIDString = 9D3127192590CBB100CBFFB3;
			remoteInfo = CountCustomLabel;
		};
		9D31273C2590CBB600CBFFB3 /* PBXContainerItemProxy */ = {
			isa = PBXContainerItemProxy;
			containerPortal = 9D3127122590CBB100CBFFB3 /* Project object */;
			proxyType = 1;
			remoteGlobalIDString = 9D3127192590CBB100CBFFB3;
			remoteInfo = CountCustomLabel;
		};
/* End PBXContainerItemProxy section */

/* Begin PBXFileReference section */
		9D31271A2590CBB100CBFFB3 /* CountCustomLabel.app */ = {isa = PBXFileReference; explicitFileType = wrapper.application; includeInIndex = 0; path = CountCustomLabel.app; sourceTree = BUILT_PRODUCTS_DIR; };
		9D31271D2590CBB100CBFFB3 /* AppDelegate.swift */ = {isa = PBXFileReference; lastKnownFileType = sourcecode.swift; path = AppDelegate.swift; sourceTree = "<group>"; };
		9D31271F2590CBB100CBFFB3 /* SceneDelegate.swift */ = {isa = PBXFileReference; lastKnownFileType = sourcecode.swift; path = SceneDelegate.swift; sourceTree = "<group>"; };
		9D3127212590CBB100CBFFB3 /* ViewController.swift */ = {isa = PBXFileReference; lastKnownFileType = sourcecode.swift; path = ViewController.swift; sourceTree = "<group>"; };
		9D3127242590CBB100CBFFB3 /* Base */ = {isa = PBXFileReference; lastKnownFileType = file.storyboard; name = Base; path = Base.lproj/Main.storyboard; sourceTree = "<group>"; };
		9D3127262590CBB500CBFFB3 /* Assets.xcassets */ = {isa = PBXFileReference; lastKnownFileType = folder.assetcatalog; path = Assets.xcassets; sourceTree = "<group>"; };
		9D3127292590CBB500CBFFB3 /* Base */ = {isa = PBXFileReference; lastKnownFileType = file.storyboard; name = Base; path = Base.lproj/LaunchScreen.storyboard; sourceTree = "<group>"; };
		9D31272B2590CBB500CBFFB3 /* Info.plist */ = {isa = PBXFileReference; lastKnownFileType = text.plist.xml; path = Info.plist; sourceTree = "<group>"; };
		9D3127302590CBB600CBFFB3 /* CountCustomLabelTests.xctest */ = {isa = PBXFileReference; explicitFileType = wrapper.cfbundle; includeInIndex = 0; path = CountCustomLabelTests.xctest; sourceTree = BUILT_PRODUCTS_DIR; };
		9D3127342590CBB600CBFFB3 /* CountCustomLabelTests.swift */ = {isa = PBXFileReference; lastKnownFileType = sourcecode.swift; path = CountCustomLabelTests.swift; sourceTree = "<group>"; };
		9D3127362590CBB600CBFFB3 /* Info.plist */ = {isa = PBXFileReference; lastKnownFileType = text.plist.xml; path = Info.plist; sourceTree = "<group>"; };
		9D31273B2590CBB600CBFFB3 /* CountCustomLabelUITests.xctest */ = {isa = PBXFileReference; explicitFileType = wrapper.cfbundle; includeInIndex = 0; path = CountCustomLabelUITests.xctest; sourceTree = BUILT_PRODUCTS_DIR; };
		9D31273F2590CBB600CBFFB3 /* CountCustomLabelUITests.swift */ = {isa = PBXFileReference; lastKnownFileType = sourcecode.swift; path = CountCustomLabelUITests.swift; sourceTree = "<group>"; };
		9D3127412590CBB600CBFFB3 /* Info.plist */ = {isa = PBXFileReference; lastKnownFileType = text.plist.xml; path = Info.plist; sourceTree = "<group>"; };
		9D3127502590CC2700CBFFB3 /* CountdownProgressBar.swift */ = {isa = PBXFileReference; lastKnownFileType = sourcecode.swift; path = CountdownProgressBar.swift; sourceTree = "<group>"; };
/* End PBXFileReference section */

/* Begin PBXFrameworksBuildPhase section */
		9D3127172590CBB100CBFFB3 /* Frameworks */ = {
			isa = PBXFrameworksBuildPhase;
			buildActionMask = 2147483647;
			files = (
			);
			runOnlyForDeploymentPostprocessing = 0;
		};
		9D31272D2590CBB600CBFFB3 /* Frameworks */ = {
			isa = PBXFrameworksBuildPhase;
			buildActionMask = 2147483647;
			files = (
			);
			runOnlyForDeploymentPostprocessing = 0;
		};
		9D3127382590CBB600CBFFB3 /* Frameworks */ = {
			isa = PBXFrameworksBuildPhase;
			buildActionMask = 2147483647;
			files = (
			);
			runOnlyForDeploymentPostprocessing = 0;
		};
/* End PBXFrameworksBuildPhase section */

/* Begin PBXGroup section */
		9D3127112590CBB100CBFFB3 = {
			isa = PBXGroup;
			children = (
				9D31271C2590CBB100CBFFB3 /* CountCustomLabel */,
				9D3127332590CBB600CBFFB3 /* CountCustomLabelTests */,
				9D31273E2590CBB600CBFFB3 /* CountCustomLabelUITests */,
				9D31271B2590CBB100CBFFB3 /* Products */,
			);
			sourceTree = "<group>";
		};
		9D31271B2590CBB100CBFFB3 /* Products */ = {
			isa = PBXGroup;
			children = (
				9D31271A2590CBB100CBFFB3 /* CountCustomLabel.app */,
				9D3127302590CBB600CBFFB3 /* CountCustomLabelTests.xctest */,
				9D31273B2590CBB600CBFFB3 /* CountCustomLabelUITests.xctest */,
			);
			name = Products;
			sourceTree = "<group>";
		};
		9D31271C2590CBB100CBFFB3 /* CountCustomLabel */ = {
			isa = PBXGroup;
			children = (
				9D31271D2590CBB100CBFFB3 /* AppDelegate.swift */,
				9D31271F2590CBB100CBFFB3 /* SceneDelegate.swift */,
				9D3127212590CBB100CBFFB3 /* ViewController.swift */,
				9D3127232590CBB100CBFFB3 /* Main.storyboard */,
				9D3127262590CBB500CBFFB3 /* Assets.xcassets */,
				9D3127282590CBB500CBFFB3 /* LaunchScreen.storyboard */,
				9D31272B2590CBB500CBFFB3 /* Info.plist */,
				9D3127502590CC2700CBFFB3 /* CountdownProgressBar.swift */,
			);
			path = CountCustomLabel;
			sourceTree = "<group>";
		};
		9D3127332590CBB600CBFFB3 /* CountCustomLabelTests */ = {
			isa = PBXGroup;
			children = (
				9D3127342590CBB600CBFFB3 /* CountCustomLabelTests.swift */,
				9D3127362590CBB600CBFFB3 /* Info.plist */,
			);
			path = CountCustomLabelTests;
			sourceTree = "<group>";
		};
		9D31273E2590CBB600CBFFB3 /* CountCustomLabelUITests */ = {
			isa = PBXGroup;
			children = (
				9D31273F2590CBB600CBFFB3 /* CountCustomLabelUITests.swift */,
				9D3127412590CBB600CBFFB3 /* Info.plist */,
			);
			path = CountCustomLabelUITests;
			sourceTree = "<group>";
		};
/* End PBXGroup section */

/* Begin PBXNativeTarget section */
		9D3127192590CBB100CBFFB3 /* CountCustomLabel */ = {
			isa = PBXNativeTarget;
			buildConfigurationList = 9D3127442590CBB600CBFFB3 /* Build configuration list for PBXNativeTarget "CountCustomLabel" */;
			buildPhases = (
				9D3127162590CBB100CBFFB3 /* Sources */,
				9D3127172590CBB100CBFFB3 /* Frameworks */,
				9D3127182590CBB100CBFFB3 /* Resources */,
			);
			buildRules = (
			);
			dependencies = (
			);
			name = CountCustomLabel;
			productName = CountCustomLabel;
			productReference = 9D31271A2590CBB100CBFFB3 /* CountCustomLabel.app */;
			productType = "com.apple.product-type.application";
		};
		9D31272F2590CBB600CBFFB3 /* CountCustomLabelTests */ = {
			isa = PBXNativeTarget;
			buildConfigurationList = 9D3127472590CBB600CBFFB3 /* Build configuration list for PBXNativeTarget "CountCustomLabelTests" */;
			buildPhases = (
				9D31272C2590CBB600CBFFB3 /* Sources */,
				9D31272D2590CBB600CBFFB3 /* Frameworks */,
				9D31272E2590CBB600CBFFB3 /* Resources */,
			);
			buildRules = (
			);
			dependencies = (
				9D3127322590CBB600CBFFB3 /* PBXTargetDependency */,
			);
			name = CountCustomLabelTests;
			productName = CountCustomLabelTests;
			productReference = 9D3127302590CBB600CBFFB3 /* CountCustomLabelTests.xctest */;
			productType = "com.apple.product-type.bundle.unit-test";
		};
		9D31273A2590CBB600CBFFB3 /* CountCustomLabelUITests */ = {
			isa = PBXNativeTarget;
			buildConfigurationList = 9D31274A2590CBB600CBFFB3 /* Build configuration list for PBXNativeTarget "CountCustomLabelUITests" */;
			buildPhases = (
				9D3127372590CBB600CBFFB3 /* Sources */,
				9D3127382590CBB600CBFFB3 /* Frameworks */,
				9D3127392590CBB600CBFFB3 /* Resources */,
			);
			buildRules = (
			);
			dependencies = (
				9D31273D2590CBB600CBFFB3 /* PBXTargetDependency */,
			);
			name = CountCustomLabelUITests;
			productName = CountCustomLabelUITests;
			productReference = 9D31273B2590CBB600CBFFB3 /* CountCustomLabelUITests.xctest */;
			productType = "com.apple.product-type.bundle.ui-testing";
		};
/* End PBXNativeTarget section */

/* Begin PBXProject section */
		9D3127122590CBB100CBFFB3 /* Project object */ = {
			isa = PBXProject;
			attributes = {
				LastSwiftUpdateCheck = 1220;
				LastUpgradeCheck = 1220;
				TargetAttributes = {
					9D3127192590CBB100CBFFB3 = {
						CreatedOnToolsVersion = 12.2;
					};
					9D31272F2590CBB600CBFFB3 = {
						CreatedOnToolsVersion = 12.2;
						TestTargetID = 9D3127192590CBB100CBFFB3;
					};
					9D31273A2590CBB600CBFFB3 = {
						CreatedOnToolsVersion = 12.2;
						TestTargetID = 9D3127192590CBB100CBFFB3;
					};
				};
			};
			buildConfigurationList = 9D3127152590CBB100CBFFB3 /* Build configuration list for PBXProject "CountCustomLabel" */;
			compatibilityVersion = "Xcode 9.3";
			developmentRegion = en;
			hasScannedForEncodings = 0;
			knownRegions = (
				en,
				Base,
			);
			mainGroup = 9D3127112590CBB100CBFFB3;
			productRefGroup = 9D31271B2590CBB100CBFFB3 /* Products */;
			projectDirPath = "";
			projectRoot = "";
			targets = (
				9D3127192590CBB100CBFFB3 /* CountCustomLabel */,
				9D31272F2590CBB600CBFFB3 /* CountCustomLabelTests */,
				9D31273A2590CBB600CBFFB3 /* CountCustomLabelUITests */,
			);
		};
/* End PBXProject section */

/* Begin PBXResourcesBuildPhase section */
		9D3127182590CBB100CBFFB3 /* Resources */ = {
			isa = PBXResourcesBuildPhase;
			buildActionMask = 2147483647;
			files = (
				9D31272A2590CBB500CBFFB3 /* LaunchScreen.storyboard in Resources */,
				9D3127272590CBB500CBFFB3 /* Assets.xcassets in Resources */,
				9D3127252590CBB100CBFFB3 /* Main.storyboard in Resources */,
			);
			runOnlyForDeploymentPostprocessing = 0;
		};
		9D31272E2590CBB600CBFFB3 /* Resources */ = {
			isa = PBXResourcesBuildPhase;
			buildActionMask = 2147483647;
			files = (
			);
			runOnlyForDeploymentPostprocessing = 0;
		};
		9D3127392590CBB600CBFFB3 /* Resources */ = {
			isa = PBXResourcesBuildPhase;
			buildActionMask = 2147483647;
			files = (
			);
			runOnlyForDeploymentPostprocessing = 0;
		};
/* End PBXResourcesBuildPhase section */

/* Begin PBXSourcesBuildPhase section */
		9D3127162590CBB100CBFFB3 /* Sources */ = {
			isa = PBXSourcesBuildPhase;
			buildActionMask = 2147483647;
			files = (
				9D3127512590CC2700CBFFB3 /* CountdownProgressBar.swift in Sources */,
				9D3127222590CBB100CBFFB3 /* ViewController.swift in Sources */,
				9D31271E2590CBB100CBFFB3 /* AppDelegate.swift in Sources */,
				9D3127202590CBB100CBFFB3 /* SceneDelegate.swift in Sources */,
			);
			runOnlyForDeploymentPostprocessing = 0;
		};
		9D31272C2590CBB600CBFFB3 /* Sources */ = {
			isa = PBXSourcesBuildPhase;
			buildActionMask = 2147483647;
			files = (
				9D3127352590CBB600CBFFB3 /* CountCustomLabelTests.swift in Sources */,
			);
			runOnlyForDeploymentPostprocessing = 0;
		};
		9D3127372590CBB600CBFFB3 /* Sources */ = {
			isa = PBXSourcesBuildPhase;
			buildActionMask = 2147483647;
			files = (
				9D3127402590CBB600CBFFB3 /* CountCustomLabelUITests.swift in Sources */,
			);
			runOnlyForDeploymentPostprocessing = 0;
		};
/* End PBXSourcesBuildPhase section */

/* Begin PBXTargetDependency section */
		9D3127322590CBB600CBFFB3 /* PBXTargetDependency */ = {
			isa = PBXTargetDependency;
			target = 9D3127192590CBB100CBFFB3 /* CountCustomLabel */;
			targetProxy = 9D3127312590CBB600CBFFB3 /* PBXContainerItemProxy */;
		};
		9D31273D2590CBB600CBFFB3 /* PBXTargetDependency */ = {
			isa = PBXTargetDependency;
			target = 9D3127192590CBB100CBFFB3 /* CountCustomLabel */;
			targetProxy = 9D31273C2590CBB600CBFFB3 /* PBXContainerItemProxy */;
		};
/* End PBXTargetDependency section */

/* Begin PBXVariantGroup section */
		9D3127232590CBB100CBFFB3 /* Main.storyboard */ = {
			isa = PBXVariantGroup;
			children = (
				9D3127242590CBB100CBFFB3 /* Base */,
			);
			name = Main.storyboard;
			sourceTree = "<group>";
		};
		9D3127282590CBB500CBFFB3 /* LaunchScreen.storyboard */ = {
			isa = PBXVariantGroup;
			children = (
				9D3127292590CBB500CBFFB3 /* Base */,
			);
			name = LaunchScreen.storyboard;
			sourceTree = "<group>";
		};
/* End PBXVariantGroup section */

/* Begin XCBuildConfiguration section */
		9D3127422590CBB600CBFFB3 /* Debug */ = {
			isa = XCBuildConfiguration;
			buildSettings = {
				ALWAYS_SEARCH_USER_PATHS = NO;
				CLANG_ANALYZER_NONNULL = YES;
				CLANG_ANALYZER_NUMBER_OBJECT_CONVERSION = YES_AGGRESSIVE;
				CLANG_CXX_LANGUAGE_STANDARD = "gnu++14";
				CLANG_CXX_LIBRARY = "libc++";
				CLANG_ENABLE_MODULES = YES;
				CLANG_ENABLE_OBJC_ARC = YES;
				CLANG_ENABLE_OBJC_WEAK = YES;
				CLANG_WARN_BLOCK_CAPTURE_AUTORELEASING = YES;
				CLANG_WARN_BOOL_CONVERSION = YES;
				CLANG_WARN_COMMA = YES;
				CLANG_WARN_CONSTANT_CONVERSION = YES;
				CLANG_WARN_DEPRECATED_OBJC_IMPLEMENTATIONS = YES;
				CLANG_WARN_DIRECT_OBJC_ISA_USAGE = YES_ERROR;
				CLANG_WARN_DOCUMENTATION_COMMENTS = YES;
				CLANG_WARN_EMPTY_BODY = YES;
				CLANG_WARN_ENUM_CONVERSION = YES;
				CLANG_WARN_INFINITE_RECURSION = YES;
				CLANG_WARN_INT_CONVERSION = YES;
				CLANG_WARN_NON_LITERAL_NULL_CONVERSION = YES;
				CLANG_WARN_OBJC_IMPLICIT_RETAIN_SELF = YES;
				CLANG_WARN_OBJC_LITERAL_CONVERSION = YES;
				CLANG_WARN_OBJC_ROOT_CLASS = YES_ERROR;
				CLANG_WARN_QUOTED_INCLUDE_IN_FRAMEWORK_HEADER = YES;
				CLANG_WARN_RANGE_LOOP_ANALYSIS = YES;
				CLANG_WARN_STRICT_PROTOTYPES = YES;
				CLANG_WARN_SUSPICIOUS_MOVE = YES;
				CLANG_WARN_UNGUARDED_AVAILABILITY = YES_AGGRESSIVE;
				CLANG_WARN_UNREACHABLE_CODE = YES;
				CLANG_WARN__DUPLICATE_METHOD_MATCH = YES;
				COPY_PHASE_STRIP = NO;
				DEBUG_INFORMATION_FORMAT = dwarf;
				ENABLE_STRICT_OBJC_MSGSEND = YES;
				ENABLE_TESTABILITY = YES;
				GCC_C_LANGUAGE_STANDARD = gnu11;
				GCC_DYNAMIC_NO_PIC = NO;
				GCC_NO_COMMON_BLOCKS = YES;
				GCC_OPTIMIZATION_LEVEL = 0;
				GCC_PREPROCESSOR_DEFINITIONS = (
					"DEBUG=1",
					"$(inherited)",
				);
				GCC_WARN_64_TO_32_BIT_CONVERSION = YES;
				GCC_WARN_ABOUT_RETURN_TYPE = YES_ERROR;
				GCC_WARN_UNDECLARED_SELECTOR = YES;
				GCC_WARN_UNINITIALIZED_AUTOS = YES_AGGRESSIVE;
				GCC_WARN_UNUSED_FUNCTION = YES;
				GCC_WARN_UNUSED_VARIABLE = YES;
				IPHONEOS_DEPLOYMENT_TARGET = 14.2;
				MTL_ENABLE_DEBUG_INFO = INCLUDE_SOURCE;
				MTL_FAST_MATH = YES;
				ONLY_ACTIVE_ARCH = YES;
				SDKROOT = iphoneos;
				SWIFT_ACTIVE_COMPILATION_CONDITIONS = DEBUG;
				SWIFT_OPTIMIZATION_LEVEL = "-Onone";
			};
			name = Debug;
		};
		9D3127432590CBB600CBFFB3 /* Release */ = {
			isa = XCBuildConfiguration;
			buildSettings = {
				ALWAYS_SEARCH_USER_PATHS = NO;
				CLANG_ANALYZER_NONNULL = YES;
				CLANG_ANALYZER_NUMBER_OBJECT_CONVERSION = YES_AGGRESSIVE;
				CLANG_CXX_LANGUAGE_STANDARD = "gnu++14";
				CLANG_CXX_LIBRARY = "libc++";
				CLANG_ENABLE_MODULES = YES;
				CLANG_ENABLE_OBJC_ARC = YES;
				CLANG_ENABLE_OBJC_WEAK = YES;
				CLANG_WARN_BLOCK_CAPTURE_AUTORELEASING = YES;
				CLANG_WARN_BOOL_CONVERSION = YES;
				CLANG_WARN_COMMA = YES;
				CLANG_WARN_CONSTANT_CONVERSION = YES;
				CLANG_WARN_DEPRECATED_OBJC_IMPLEMENTATIONS = YES;
				CLANG_WARN_DIRECT_OBJC_ISA_USAGE = YES_ERROR;
				CLANG_WARN_DOCUMENTATION_COMMENTS = YES;
				CLANG_WARN_EMPTY_BODY = YES;
				CLANG_WARN_ENUM_CONVERSION = YES;
				CLANG_WARN_INFINITE_RECURSION = YES;
				CLANG_WARN_INT_CONVERSION = YES;
				CLANG_WARN_NON_LITERAL_NULL_CONVERSION = YES;
				CLANG_WARN_OBJC_IMPLICIT_RETAIN_SELF = YES;
				CLANG_WARN_OBJC_LITERAL_CONVERSION = YES;
				CLANG_WARN_OBJC_ROOT_CLASS = YES_ERROR;
				CLANG_WARN_QUOTED_INCLUDE_IN_FRAMEWORK_HEADER = YES;
				CLANG_WARN_RANGE_LOOP_ANALYSIS = YES;
				CLANG_WARN_STRICT_PROTOTYPES = YES;
				CLANG_WARN_SUSPICIOUS_MOVE = YES;
				CLANG_WARN_UNGUARDED_AVAILABILITY = YES_AGGRESSIVE;
				CLANG_WARN_UNREACHABLE_CODE = YES;
				CLANG_WARN__DUPLICATE_METHOD_MATCH = YES;
				COPY_PHASE_STRIP = NO;
				DEBUG_INFORMATION_FORMAT = "dwarf-with-dsym";
				ENABLE_NS_ASSERTIONS = NO;
				ENABLE_STRICT_OBJC_MSGSEND = YES;
				GCC_C_LANGUAGE_STANDARD = gnu11;
				GCC_NO_COMMON_BLOCKS = YES;
				GCC_WARN_64_TO_32_BIT_CONVERSION = YES;
				GCC_WARN_ABOUT_RETURN_TYPE = YES_ERROR;
				GCC_WARN_UNDECLARED_SELECTOR = YES;
				GCC_WARN_UNINITIALIZED_AUTOS = YES_AGGRESSIVE;
				GCC_WARN_UNUSED_FUNCTION = YES;
				GCC_WARN_UNUSED_VARIABLE = YES;
				IPHONEOS_DEPLOYMENT_TARGET = 14.2;
				MTL_ENABLE_DEBUG_INFO = NO;
				MTL_FAST_MATH = YES;
				SDKROOT = iphoneos;
				SWIFT_COMPILATION_MODE = wholemodule;
				SWIFT_OPTIMIZATION_LEVEL = "-O";
				VALIDATE_PRODUCT = YES;
			};
			name = Release;
		};
		9D3127452590CBB600CBFFB3 /* Debug */ = {
			isa = XCBuildConfiguration;
			buildSettings = {
				ASSETCATALOG_COMPILER_APPICON_NAME = AppIcon;
				ASSETCATALOG_COMPILER_GLOBAL_ACCENT_COLOR_NAME = AccentColor;
				CODE_SIGN_STYLE = Automatic;
				DEVELOPMENT_TEAM = AKW8XUH283;
				INFOPLIST_FILE = CountCustomLabel/Info.plist;
				LD_RUNPATH_SEARCH_PATHS = (
					"$(inherited)",
					"@executable_path/Frameworks",
				);
				PRODUCT_BUNDLE_IDENTIFIER = com.dongminyoon.CountCustomLabel;
				PRODUCT_NAME = "$(TARGET_NAME)";
				SWIFT_VERSION = 5.0;
				TARGETED_DEVICE_FAMILY = "1,2";
			};
			name = Debug;
		};
		9D3127462590CBB600CBFFB3 /* Release */ = {
			isa = XCBuildConfiguration;
			buildSettings = {
				ASSETCATALOG_COMPILER_APPICON_NAME = AppIcon;
				ASSETCATALOG_COMPILER_GLOBAL_ACCENT_COLOR_NAME = AccentColor;
				CODE_SIGN_STYLE = Automatic;
				DEVELOPMENT_TEAM = AKW8XUH283;
				INFOPLIST_FILE = CountCustomLabel/Info.plist;
				LD_RUNPATH_SEARCH_PATHS = (
					"$(inherited)",
					"@executable_path/Frameworks",
				);
				PRODUCT_BUNDLE_IDENTIFIER = com.dongminyoon.CountCustomLabel;
				PRODUCT_NAME = "$(TARGET_NAME)";
				SWIFT_VERSION = 5.0;
				TARGETED_DEVICE_FAMILY = "1,2";
			};
			name = Release;
		};
		9D3127482590CBB600CBFFB3 /* Debug */ = {
			isa = XCBuildConfiguration;
			buildSettings = {
				ALWAYS_EMBED_SWIFT_STANDARD_LIBRARIES = YES;
				BUNDLE_LOADER = "$(TEST_HOST)";
				CODE_SIGN_STYLE = Automatic;
				DEVELOPMENT_TEAM = AKW8XUH283;
				INFOPLIST_FILE = CountCustomLabelTests/Info.plist;
				IPHONEOS_DEPLOYMENT_TARGET = 14.2;
				LD_RUNPATH_SEARCH_PATHS = (
					"$(inherited)",
					"@executable_path/Frameworks",
					"@loader_path/Frameworks",
				);
				PRODUCT_BUNDLE_IDENTIFIER = com.dongminyoon.CountCustomLabelTests;
				PRODUCT_NAME = "$(TARGET_NAME)";
				SWIFT_VERSION = 5.0;
				TARGETED_DEVICE_FAMILY = "1,2";
				TEST_HOST = "$(BUILT_PRODUCTS_DIR)/CountCustomLabel.app/CountCustomLabel";
			};
			name = Debug;
		};
		9D3127492590CBB600CBFFB3 /* Release */ = {
			isa = XCBuildConfiguration;
			buildSettings = {
				ALWAYS_EMBED_SWIFT_STANDARD_LIBRARIES = YES;
				BUNDLE_LOADER = "$(TEST_HOST)";
				CODE_SIGN_STYLE = Automatic;
				DEVELOPMENT_TEAM = AKW8XUH283;
				INFOPLIST_FILE = CountCustomLabelTests/Info.plist;
				IPHONEOS_DEPLOYMENT_TARGET = 14.2;
				LD_RUNPATH_SEARCH_PATHS = (
					"$(inherited)",
					"@executable_path/Frameworks",
					"@loader_path/Frameworks",
				);
				PRODUCT_BUNDLE_IDENTIFIER = com.dongminyoon.CountCustomLabelTests;
				PRODUCT_NAME = "$(TARGET_NAME)";
				SWIFT_VERSION = 5.0;
				TARGETED_DEVICE_FAMILY = "1,2";
				TEST_HOST = "$(BUILT_PRODUCTS_DIR)/CountCustomLabel.app/CountCustomLabel";
			};
			name = Release;
		};
		9D31274B2590CBB600CBFFB3 /* Debug */ = {
			isa = XCBuildConfiguration;
			buildSettings = {
				ALWAYS_EMBED_SWIFT_STANDARD_LIBRARIES = YES;
				CODE_SIGN_STYLE = Automatic;
				DEVELOPMENT_TEAM = AKW8XUH283;
				INFOPLIST_FILE = CountCustomLabelUITests/Info.plist;
				LD_RUNPATH_SEARCH_PATHS = (
					"$(inherited)",
					"@executable_path/Frameworks",
					"@loader_path/Frameworks",
				);
				PRODUCT_BUNDLE_IDENTIFIER = com.dongminyoon.CountCustomLabelUITests;
				PRODUCT_NAME = "$(TARGET_NAME)";
				SWIFT_VERSION = 5.0;
				TARGETED_DEVICE_FAMILY = "1,2";
				TEST_TARGET_NAME = CountCustomLabel;
			};
			name = Debug;
		};
		9D31274C2590CBB600CBFFB3 /* Release */ = {
			isa = XCBuildConfiguration;
			buildSettings = {
				ALWAYS_EMBED_SWIFT_STANDARD_LIBRARIES = YES;
				CODE_SIGN_STYLE = Automatic;
				DEVELOPMENT_TEAM = AKW8XUH283;
				INFOPLIST_FILE = CountCustomLabelUITests/Info.plist;
				LD_RUNPATH_SEARCH_PATHS = (
					"$(inherited)",
					"@executable_path/Frameworks",
					"@loader_path/Frameworks",
				);
				PRODUCT_BUNDLE_IDENTIFIER = com.dongminyoon.CountCustomLabelUITests;
				PRODUCT_NAME = "$(TARGET_NAME)";
				SWIFT_VERSION = 5.0;
				TARGETED_DEVICE_FAMILY = "1,2";
				TEST_TARGET_NAME = CountCustomLabel;
			};
			name = Release;
		};
/* End XCBuildConfiguration section */

/* Begin XCConfigurationList section */
		9D3127152590CBB100CBFFB3 /* Build configuration list for PBXProject "CountCustomLabel" */ = {
			isa = XCConfigurationList;
			buildConfigurations = (
				9D3127422590CBB600CBFFB3 /* Debug */,
				9D3127432590CBB600CBFFB3 /* Release */,
			);
			defaultConfigurationIsVisible = 0;
			defaultConfigurationName = Release;
		};
		9D3127442590CBB600CBFFB3 /* Build configuration list for PBXNativeTarget "CountCustomLabel" */ = {
			isa = XCConfigurationList;
			buildConfigurations = (
				9D3127452590CBB600CBFFB3 /* Debug */,
				9D3127462590CBB600CBFFB3 /* Release */,
			);
			defaultConfigurationIsVisible = 0;
			defaultConfigurationName = Release;
		};
		9D3127472590CBB600CBFFB3 /* Build configuration list for PBXNativeTarget "CountCustomLabelTests" */ = {
			isa = XCConfigurationList;
			buildConfigurations = (
				9D3127482590CBB600CBFFB3 /* Debug */,
				9D3127492590CBB600CBFFB3 /* Release */,
			);
			defaultConfigurationIsVisible = 0;
			defaultConfigurationName = Release;
		};
		9D31274A2590CBB600CBFFB3 /* Build configuration list for PBXNativeTarget "CountCustomLabelUITests" */ = {
			isa = XCConfigurationList;
			buildConfigurations = (
				9D31274B2590CBB600CBFFB3 /* Debug */,
				9D31274C2590CBB600CBFFB3 /* Release */,
			);
			defaultConfigurationIsVisible = 0;
			defaultConfigurationName = Release;
		};
/* End XCConfigurationList section */
	};
	rootObject = 9D3127122590CBB100CBFFB3 /* Project object */;
}
